
Microsoft Visual Studio Solution File, Format Version 12.00
# Visual Studio Version 16
VisualStudioVersion = 16.0.31729.503
MinimumVisualStudioVersion = 10.0.40219.1
Project("{FAE04EC0-301F-11D3-BF4B-00C04F79EFBC}") = "SENG2020-TermProject", "SENG2020-TermProject\SENG2020-TermProject.csproj", "{101DDD0A-203E-4011-A7F5-985EA4AD6AD9}"
EndProject
Project("{FAE04EC0-301F-11D3-BF4B-00C04F79EFBC}") = "TMSConsoleUI", "TMSConsoleUI\TMSConsoleUI.csproj", "{A3607D70-513F-43AB-9B33-44124AEC97DE}"
EndProject
Global
	GlobalSection(SolutionConfigurationPlatforms) = preSolution
		Debug|Any CPU = Debug|Any CPU
		Release|Any CPU = Release|Any CPU
	EndGlobalSection
	GlobalSection(ProjectConfigurationPlatforms) = postSolution
		{101DDD0A-203E-4011-A7F5-985EA4AD6AD9}.Debug|Any CPU.ActiveCfg = Debug|Any CPU
		{101DDD0A-203E-4011-A7F5-985EA4AD6AD9}.Debug|Any CPU.Build.0 = Debug|Any CPU
		{101DDD0A-203E-4011-A7F5-985EA4AD6AD9}.Release|Any CPU.ActiveCfg = Release|Any CPU
		{101DDD0A-203E-4011-A7F5-985EA4AD6AD9}.Release|Any CPU.Build.0 = Release|Any CPU
		{A3607D70-513F-43AB-9B33-44124AEC97DE}.Debug|Any CPU.ActiveCfg = Debug|Any CPU
		{A3607D70-513F-43AB-9B33-44124AEC97DE}.Debug|Any CPU.Build.0 = Debug|Any CPU
		{A3607D70-513F-43AB-9B33-44124AEC97DE}.Release|Any CPU.ActiveCfg = Release|Any CPU
		{A3607D70-513F-43AB-9B33-44124AEC97DE}.Release|Any CPU.Build.0 = Release|Any CPU
	EndGlobalSection
	GlobalSection(SolutionProperties) = preSolution
		HideSolutionNode = FALSE
	EndGlobalSection
	GlobalSection(ExtensibilityGlobals) = postSolution
		SolutionGuid = {3A14859D-6F45-4922-B279-BDAACA08BE5C}
	EndGlobalSection
EndGlobal
